
Microsoft Visual Studio Solution File, Format Version 12.00
# Visual Studio Version 17
VisualStudioVersion = 17.0.31903.59
MinimumVisualStudioVersion = 10.0.40219.1
Project("{FAE04EC0-301F-11D3-BF4B-00C04F79EFBC}") = "wpf_api", "wpf_api\wpf_api.csproj", "{5276017C-977A-4EC9-8696-7E82F7818361}"
EndProject
Global
	GlobalSection(SolutionConfigurationPlatforms) = preSolution
		Debug|Any CPU = Debug|Any CPU
		Release|Any CPU = Release|Any CPU
	EndGlobalSection
	GlobalSection(ProjectConfigurationPlatforms) = postSolution
		{5276017C-977A-4EC9-8696-7E82F7818361}.Debug|Any CPU.ActiveCfg = Debug|Any CPU
		{5276017C-977A-4EC9-8696-7E82F7818361}.Debug|Any CPU.Build.0 = Debug|Any CPU
		{5276017C-977A-4EC9-8696-7E82F7818361}.Release|Any CPU.ActiveCfg = Release|Any CPU
		{5276017C-977A-4EC9-8696-7E82F7818361}.Release|Any CPU.Build.0 = Release|Any CPU
	EndGlobalSection
	GlobalSection(SolutionProperties) = preSolution
		HideSolutionNode = FALSE
	EndGlobalSection
	GlobalSection(ExtensibilityGlobals) = postSolution
		SolutionGuid = {8AB74743-8D03-4410-8510-DCDAEF434FFE}
	EndGlobalSection
EndGlobal
